{
  "version": 4,
  "terraform_version": "1.11.1",
  "serial": 24,
  "lineage": "6aa62e03-9364-05ab-f7f2-96b628d7c56f",
  "outputs": {
    "service_url": {
      "value": "https://dagbok-pro-service-bqkuqlf6sq-uc.a.run.app",
      "type": "string"
    }
  },
  "resources": [
    {
      "mode": "managed",
      "type": "google_cloud_run_service_iam_member",
      "name": "all_users",
      "provider": "provider[\"registry.terraform.io/hashicorp/google\"]",
      "instances": [
        {
          "schema_version": 0,
          "attributes": {
            "condition": [],
            "etag": "BwYv4h0Rths=",
            "id": "v1/projects/dagbokj/locations/us-central1/services/dagbok-pro-service/roles/run.invoker/allUsers",
            "location": "us-central1",
            "member": "allUsers",
            "project": "dagbokj",
            "role": "roles/run.invoker",
            "service": "v1/projects/dagbokj/locations/us-central1/services/dagbok-pro-service"
          },
          "sensitive_attributes": [],
          "private": "bnVsbA==",
          "dependencies": [
            "google_cloud_run_service.dagbok_service"
          ]
        }
      ]
    }
  ],
  "check_results": null
}
